Microsoft Visual Studio Solution File, Format Version 7.00
Project("{8BC9CEB8-8B4A-11D0-8D11-00A0C91BC942}") = "Admin", "..\Admin\Admin.vcproj", "{CDD170D2-2C57-4851-AFD5-4B7DA9BC6A81}"
EndProject
Project("{8BC9CEB8-8B4A-11D0-8D11-00A0C91BC942}") = "Alajar", "..\Alajar\Alajar.vcproj", "{98AF9BC4-B62A-4237-A539-103D0426D6BD}"
EndProject
Project("{8BC9CEB8-8B4A-11D0-8D11-00A0C91BC942}") = "AlajarDll", "..\AlajarDll\AlajarDll.vcproj", "{A5498F4E-4124-4680-B43A-D105AA64C814}"
EndProject
Project("{8BC9CEB8-8B4A-11D0-8D11-00A0C91BC942}") = "AlajarSvc", "..\AlajarSvc\AlajarSvc.vcproj", "{F1C3C0D2-E462-4955-B58C-01ADBF8F3810}"
EndProject
Project("{8BC9CEB8-8B4A-11D0-8D11-00A0C91BC942}") = "Almonaster", "Almonaster.vcproj", "{270BC0D9-0681-47F1-A7D1-155ADCF51DE4}"
EndProject
Project("{8BC9CEB8-8B4A-11D0-8D11-00A0C91BC942}") = "AlmonasterHook", "..\AlmonasterHook\AlmonasterHook.vcproj", "{E13C35FF-D504-4AA3-8D45-BA00BC07E65C}"
EndProject
Project("{8BC9CEB8-8B4A-11D0-8D11-00A0C91BC942}") = "Asfpp", "..\Asfpp\Asfpp.vcproj", "{FF9D7AA2-F295-4696-8655-2E3E3FC3B3CB}"
EndProject
Project("{8BC9CEB8-8B4A-11D0-8D11-00A0C91BC942}") = "DBConv", "..\DBConv\DBConv.vcproj", "{8681FDA2-A273-4026-8677-D250904920C5}"
EndProject
Project("{8BC9CEB8-8B4A-11D0-8D11-00A0C91BC942}") = "Database", "..\Database\Database.vcproj", "{208D5299-BDCB-4479-BD23-B544474E8772}"
EndProject
Project("{8BC9CEB8-8B4A-11D0-8D11-00A0C91BC942}") = "OldDatabase", "..\OldDatabase\OldDatabase.vcproj", "{E6366E90-92F6-488D-8AC4-50EA225217D5}"
EndProject
Project("{8BC9CEB8-8B4A-11D0-8D11-00A0C91BC942}") = "Osal", "..\Osal\Osal.vcproj", "{E57B328E-DC3B-4030-8B96-058326205BD5}"
EndProject
Global
	GlobalSection(SourceCodeControl) = preSolution
		SccNumberOfProjects = 12
		SccProjectName0 = \u0022$/620\u0022,\u0020TWCAAAAA
		SccLocalPath0 = ..
		SccProvider0 = MSSCCI:Microsoft\u0020Visual\u0020SourceSafe
		CanCheckoutShared = false
		SccProjectFilePathRelativizedFromConnection0 = Almonaster\\
		SolutionUniqueID = {FF88DBDC-C759-45C5-8F7E-C183C35AF1F5}
		SccProjectUniqueName1 = ..\\Admin\\Admin.vcproj
		SccLocalPath1 = ..
		CanCheckoutShared = false
		SccProjectFilePathRelativizedFromConnection1 = Admin\\
		SccProjectUniqueName2 = ..\\Alajar\\Alajar.vcproj
		SccLocalPath2 = ..
		CanCheckoutShared = false
		SccProjectFilePathRelativizedFromConnection2 = Alajar\\
		SccProjectUniqueName3 = ..\\AlajarDll\\AlajarDll.vcproj
		SccLocalPath3 = ..
		CanCheckoutShared = false
		SccProjectFilePathRelativizedFromConnection3 = AlajarDll\\
		SccProjectUniqueName4 = ..\\AlajarSvc\\AlajarSvc.vcproj
		SccLocalPath4 = ..
		CanCheckoutShared = false
		SccProjectFilePathRelativizedFromConnection4 = AlajarSvc\\
		SccProjectUniqueName5 = Almonaster.vcproj
		SccLocalPath5 = ..
		CanCheckoutShared = false
		SccProjectFilePathRelativizedFromConnection5 = Almonaster\\
		SccProjectUniqueName6 = ..\\AlmonasterHook\\AlmonasterHook.vcproj
		SccLocalPath6 = ..
		CanCheckoutShared = false
		SccProjectFilePathRelativizedFromConnection6 = AlmonasterHook\\
		SccProjectUniqueName7 = ..\\Asfpp\\Asfpp.vcproj
		SccLocalPath7 = ..
		CanCheckoutShared = false
		SccProjectFilePathRelativizedFromConnection7 = Asfpp\\
		SccProjectUniqueName8 = ..\\Database\\Database.vcproj
		SccLocalPath8 = ..
		CanCheckoutShared = false
		SccProjectFilePathRelativizedFromConnection8 = Database\\
		SccProjectUniqueName9 = ..\\DBConv\\DBConv.vcproj
		SccLocalPath9 = ..
		CanCheckoutShared = false
		SccProjectFilePathRelativizedFromConnection9 = DBConv\\
		SccProjectUniqueName10 = ..\\OldDatabase\\OldDatabase.vcproj
		SccLocalPath10 = ..
		CanCheckoutShared = false
		SccProjectFilePathRelativizedFromConnection10 = OldDatabase\\
		SccProjectUniqueName11 = ..\\Osal\\Osal.vcproj
		SccLocalPath11 = ..
		CanCheckoutShared = false
		SccProjectFilePathRelativizedFromConnection11 = Osal\\
	EndGlobalSection
	GlobalSection(SolutionConfiguration) = preSolution
		ConfigName.0 = Debug
		ConfigName.1 = Release
	EndGlobalSection
	GlobalSection(ProjectDependencies) = postSolution
		{CDD170D2-2C57-4851-AFD5-4B7DA9BC6A81}.0 = {E57B328E-DC3B-4030-8B96-058326205BD5}
		{CDD170D2-2C57-4851-AFD5-4B7DA9BC6A81}.1 = {A5498F4E-4124-4680-B43A-D105AA64C814}
		{98AF9BC4-B62A-4237-A539-103D0426D6BD}.0 = {A5498F4E-4124-4680-B43A-D105AA64C814}
		{A5498F4E-4124-4680-B43A-D105AA64C814}.0 = {E57B328E-DC3B-4030-8B96-058326205BD5}
		{F1C3C0D2-E462-4955-B58C-01ADBF8F3810}.0 = {A5498F4E-4124-4680-B43A-D105AA64C814}
		{270BC0D9-0681-47F1-A7D1-155ADCF51DE4}.0 = {E57B328E-DC3B-4030-8B96-058326205BD5}
		{270BC0D9-0681-47F1-A7D1-155ADCF51DE4}.1 = {208D5299-BDCB-4479-BD23-B544474E8772}
		{270BC0D9-0681-47F1-A7D1-155ADCF51DE4}.2 = {A5498F4E-4124-4680-B43A-D105AA64C814}
		{E13C35FF-D504-4AA3-8D45-BA00BC07E65C}.0 = {270BC0D9-0681-47F1-A7D1-155ADCF51DE4}
		{8681FDA2-A273-4026-8677-D250904920C5}.0 = {208D5299-BDCB-4479-BD23-B544474E8772}
		{208D5299-BDCB-4479-BD23-B544474E8772}.0 = {E57B328E-DC3B-4030-8B96-058326205BD5}
		{E6366E90-92F6-488D-8AC4-50EA225217D5}.0 = {E57B328E-DC3B-4030-8B96-058326205BD5}
	EndGlobalSection
	GlobalSection(ProjectConfiguration) = postSolution
		{CDD170D2-2C57-4851-AFD5-4B7DA9BC6A81}.Debug.ActiveCfg = Debug|Win32
		{CDD170D2-2C57-4851-AFD5-4B7DA9BC6A81}.Debug.Build.0 = Debug|Win32
		{CDD170D2-2C57-4851-AFD5-4B7DA9BC6A81}.Release.ActiveCfg = Release|Win32
		{CDD170D2-2C57-4851-AFD5-4B7DA9BC6A81}.Release.Build.0 = Release|Win32
		{98AF9BC4-B62A-4237-A539-103D0426D6BD}.Debug.ActiveCfg = Debug|Win32
		{98AF9BC4-B62A-4237-A539-103D0426D6BD}.Debug.Build.0 = Debug|Win32
		{98AF9BC4-B62A-4237-A539-103D0426D6BD}.Release.ActiveCfg = Release|Win32
		{98AF9BC4-B62A-4237-A539-103D0426D6BD}.Release.Build.0 = Release|Win32
		{A5498F4E-4124-4680-B43A-D105AA64C814}.Debug.ActiveCfg = Debug|Win32
		{A5498F4E-4124-4680-B43A-D105AA64C814}.Debug.Build.0 = Debug|Win32
		{A5498F4E-4124-4680-B43A-D105AA64C814}.Release.ActiveCfg = Release|Win32
		{A5498F4E-4124-4680-B43A-D105AA64C814}.Release.Build.0 = Release|Win32
		{F1C3C0D2-E462-4955-B58C-01ADBF8F3810}.Debug.ActiveCfg = Debug|Win32
		{F1C3C0D2-E462-4955-B58C-01ADBF8F3810}.Debug.Build.0 = Debug|Win32
		{F1C3C0D2-E462-4955-B58C-01ADBF8F3810}.Release.ActiveCfg = Release|Win32
		{F1C3C0D2-E462-4955-B58C-01ADBF8F3810}.Release.Build.0 = Release|Win32
		{270BC0D9-0681-47F1-A7D1-155ADCF51DE4}.Debug.ActiveCfg = Debug|Win32
		{270BC0D9-0681-47F1-A7D1-155ADCF51DE4}.Debug.Build.0 = Debug|Win32
		{270BC0D9-0681-47F1-A7D1-155ADCF51DE4}.Release.ActiveCfg = Release|Win32
		{270BC0D9-0681-47F1-A7D1-155ADCF51DE4}.Release.Build.0 = Release|Win32
		{E13C35FF-D504-4AA3-8D45-BA00BC07E65C}.Debug.ActiveCfg = Debug|Win32
		{E13C35FF-D504-4AA3-8D45-BA00BC07E65C}.Debug.Build.0 = Debug|Win32
		{E13C35FF-D504-4AA3-8D45-BA00BC07E65C}.Release.ActiveCfg = Release|Win32
		{E13C35FF-D504-4AA3-8D45-BA00BC07E65C}.Release.Build.0 = Release|Win32
		{FF9D7AA2-F295-4696-8655-2E3E3FC3B3CB}.Debug.ActiveCfg = Debug|Win32
		{FF9D7AA2-F295-4696-8655-2E3E3FC3B3CB}.Debug.Build.0 = Debug|Win32
		{FF9D7AA2-F295-4696-8655-2E3E3FC3B3CB}.Release.ActiveCfg = Release|Win32
		{FF9D7AA2-F295-4696-8655-2E3E3FC3B3CB}.Release.Build.0 = Release|Win32
		{8681FDA2-A273-4026-8677-D250904920C5}.Debug.ActiveCfg = Debug|Win32
		{8681FDA2-A273-4026-8677-D250904920C5}.Debug.Build.0 = Debug|Win32
		{8681FDA2-A273-4026-8677-D250904920C5}.Release.ActiveCfg = Release|Win32
		{8681FDA2-A273-4026-8677-D250904920C5}.Release.Build.0 = Release|Win32
		{208D5299-BDCB-4479-BD23-B544474E8772}.Debug.ActiveCfg = Debug|Win32
		{208D5299-BDCB-4479-BD23-B544474E8772}.Debug.Build.0 = Debug|Win32
		{208D5299-BDCB-4479-BD23-B544474E8772}.Release.ActiveCfg = Release|Win32
		{208D5299-BDCB-4479-BD23-B544474E8772}.Release.Build.0 = Release|Win32
		{E6366E90-92F6-488D-8AC4-50EA225217D5}.Debug.ActiveCfg = Debug|Win32
		{E6366E90-92F6-488D-8AC4-50EA225217D5}.Debug.Build.0 = Debug|Win32
		{E6366E90-92F6-488D-8AC4-50EA225217D5}.Release.ActiveCfg = Release|Win32
		{E6366E90-92F6-488D-8AC4-50EA225217D5}.Release.Build.0 = Release|Win32
		{E57B328E-DC3B-4030-8B96-058326205BD5}.Debug.ActiveCfg = Debug|Win32
		{E57B328E-DC3B-4030-8B96-058326205BD5}.Debug.Build.0 = Debug|Win32
		{E57B328E-DC3B-4030-8B96-058326205BD5}.Release.ActiveCfg = Release|Win32
		{E57B328E-DC3B-4030-8B96-058326205BD5}.Release.Build.0 = Release|Win32
	EndGlobalSection
	GlobalSection(ExtensibilityGlobals) = postSolution
	EndGlobalSection
	GlobalSection(ExtensibilityAddIns) = postSolution
	EndGlobalSection
EndGlobal
